
Microsoft Visual Studio Solution File, Format Version 12.00
# Visual Studio Version 16
VisualStudioVersion = 16.0.32602.291
MinimumVisualStudioVersion = 10.0.40219.1
Project("{FAE04EC0-301F-11D3-BF4B-00C04F79EFBC}") = "TotalTravelPrototipo", "TotalTravelPrototipo\TotalTravelPrototipo.csproj", "{449F4BF7-FDF6-428B-97BB-0C0B13A49697}"
EndProject
Global
	GlobalSection(SolutionConfigurationPlatforms) = preSolution
		Debug|Any CPU = Debug|Any CPU
		Release|Any CPU = Release|Any CPU
	EndGlobalSection
	GlobalSection(ProjectConfigurationPlatforms) = postSolution
		{449F4BF7-FDF6-428B-97BB-0C0B13A49697}.Debug|Any CPU.ActiveCfg = Debug|Any CPU
		{449F4BF7-FDF6-428B-97BB-0C0B13A49697}.Debug|Any CPU.Build.0 = Debug|Any CPU
		{449F4BF7-FDF6-428B-97BB-0C0B13A49697}.Release|Any CPU.ActiveCfg = Release|Any CPU
		{449F4BF7-FDF6-428B-97BB-0C0B13A49697}.Release|Any CPU.Build.0 = Release|Any CPU
	EndGlobalSection
	GlobalSection(SolutionProperties) = preSolution
		HideSolutionNode = FALSE
	EndGlobalSection
	GlobalSection(ExtensibilityGlobals) = postSolution
		SolutionGuid = {5994A734-E8C4-47E4-9BAC-41CD32AFAC79}
	EndGlobalSection
EndGlobal
