
Microsoft Visual Studio Solution File, Format Version 12.00
# Visual Studio Version 16
VisualStudioVersion = 16.0.32602.291
MinimumVisualStudioVersion = 10.0.40219.1
Project("{FAE04EC0-301F-11D3-BF4B-00C04F79EFBC}") = "AHM_TOTAL_TRAVEL_WEB", "AHM_TOTAL_TRAVEL_WEB\AHM_TOTAL_TRAVEL_WEB.csproj", "{258B9EB8-506C-48E1-87D8-E1FAFFF99AEE}"
EndProject
Global
	GlobalSection(SolutionConfigurationPlatforms) = preSolution
		Debug|Any CPU = Debug|Any CPU
		Release|Any CPU = Release|Any CPU
	EndGlobalSection
	GlobalSection(ProjectConfigurationPlatforms) = postSolution
		{258B9EB8-506C-48E1-87D8-E1FAFFF99AEE}.Debug|Any CPU.ActiveCfg = Debug|Any CPU
		{258B9EB8-506C-48E1-87D8-E1FAFFF99AEE}.Debug|Any CPU.Build.0 = Debug|Any CPU
		{258B9EB8-506C-48E1-87D8-E1FAFFF99AEE}.Release|Any CPU.ActiveCfg = Release|Any CPU
		{258B9EB8-506C-48E1-87D8-E1FAFFF99AEE}.Release|Any CPU.Build.0 = Release|Any CPU
	EndGlobalSection
	GlobalSection(SolutionProperties) = preSolution
		HideSolutionNode = FALSE
	EndGlobalSection
	GlobalSection(ExtensibilityGlobals) = postSolution
		SolutionGuid = {BF2236C0-284F-4013-B474-AAEF44E05C64}
	EndGlobalSection
EndGlobal
